// !$*UTF8*$!
{
	archiveVersion = 1;
	classes = {
	};
	objectVersion = 46;
	objects = {

/* Begin PBXBuildFile section */
		000C181E1F76C4FD00D92333 /* BottomCornersRoundedImageView.swift in Sources */ = {isa = PBXBuildFile; fileRef = 000C181D1F76C4FD00D92333 /* BottomCornersRoundedImageView.swift */; };
		000C18201F76CA3D00D92333 /* ViewShadow.swift in Sources */ = {isa = PBXBuildFile; fileRef = 000C181F1F76CA3D00D92333 /* ViewShadow.swift */; };
		000C18221F76F1D600D92333 /* RoundedButton.swift in Sources */ = {isa = PBXBuildFile; fileRef = 000C18211F76F1D600D92333 /* RoundedButton.swift */; };
		000C18271F76FD8200D92333 /* CustomActivityIndicatorView.swift in Sources */ = {isa = PBXBuildFile; fileRef = 000C18261F76FD8200D92333 /* CustomActivityIndicatorView.swift */; };
		001661E31F79961B00030BC8 /* LoginWebService.swift in Sources */ = {isa = PBXBuildFile; fileRef = 001661E21F79961B00030BC8 /* LoginWebService.swift */; };
		00252B451F7D447C00BC8560 /* HRMSViewVC.swift in Sources */ = {isa = PBXBuildFile; fileRef = 00252B441F7D447C00BC8560 /* HRMSViewVC.swift */; };
		002826C61F7300440054C87E /* LoginVC.swift in Sources */ = {isa = PBXBuildFile; fileRef = 002826C51F7300440054C87E /* LoginVC.swift */; };
		002826C81F7300850054C87E /* BaseVC.swift in Sources */ = {isa = PBXBuildFile; fileRef = 002826C71F7300850054C87E /* BaseVC.swift */; };
		002826CA1F7300EE0054C87E /* UpperCornersRoundedImageView.swift in Sources */ = {isa = PBXBuildFile; fileRef = 002826C91F7300EE0054C87E /* UpperCornersRoundedImageView.swift */; };
		007DC5111F89380F003BF5A5 /* GoogleService-Info.plist in Resources */ = {isa = PBXBuildFile; fileRef = 007DC5101F89380F003BF5A5 /* GoogleService-Info.plist */; };
		0093C1FB1F72C572000054F4 /* AppDelegate.swift in Sources */ = {isa = PBXBuildFile; fileRef = 0093C1FA1F72C572000054F4 /* AppDelegate.swift */; };
		0093C2001F72C572000054F4 /* Main.storyboard in Resources */ = {isa = PBXBuildFile; fileRef = 0093C1FE1F72C572000054F4 /* Main.storyboard */; };
		0093C2021F72C572000054F4 /* Assets.xcassets in Resources */ = {isa = PBXBuildFile; fileRef = 0093C2011F72C572000054F4 /* Assets.xcassets */; };
		0093C2051F72C572000054F4 /* LaunchScreen.storyboard in Resources */ = {isa = PBXBuildFile; fileRef = 0093C2031F72C572000054F4 /* LaunchScreen.storyboard */; };
		00946F511F79822A00401089 /* GlobalUserDefaults.swift in Sources */ = {isa = PBXBuildFile; fileRef = 00946F501F79822A00401089 /* GlobalUserDefaults.swift */; };
		00E6F7AD1F77834C0007E7EE /* WebServiceBaseClass.swift in Sources */ = {isa = PBXBuildFile; fileRef = 00E6F7AC1F77834C0007E7EE /* WebServiceBaseClass.swift */; };
		00E6F7B41F778C2C0007E7EE /* ModelLogin.swift in Sources */ = {isa = PBXBuildFile; fileRef = 00E6F7B31F778C2C0007E7EE /* ModelLogin.swift */; };
		26AAE6E4120F0961F86811A6 /* Pods_Rymnet_HRMS.framework in Frameworks */ = {isa = PBXBuildFile; fileRef = 6B13FE504F543E2F81FEA767 /* Pods_Rymnet_HRMS.framework */; };
/* End PBXBuildFile section */

/* Begin PBXFileReference section */
		000C181D1F76C4FD00D92333 /* BottomCornersRoundedImageView.swift */ = {isa = PBXFileReference; fileEncoding = 4; lastKnownFileType = sourcecode.swift; path = BottomCornersRoundedImageView.swift; sourceTree = "<group>"; };
		000C181F1F76CA3D00D92333 /* ViewShadow.swift */ = {isa = PBXFileReference; fileEncoding = 4; lastKnownFileType = sourcecode.swift; path = ViewShadow.swift; sourceTree = "<group>"; };
		000C18211F76F1D600D92333 /* RoundedButton.swift */ = {isa = PBXFileReference; fileEncoding = 4; lastKnownFileType = sourcecode.swift; path = RoundedButton.swift; sourceTree = "<group>"; };
		000C18261F76FD8200D92333 /* CustomActivityIndicatorView.swift */ = {isa = PBXFileReference; fileEncoding = 4; lastKnownFileType = sourcecode.swift; path = CustomActivityIndicatorView.swift; sourceTree = "<group>"; };
		001661E21F79961B00030BC8 /* LoginWebService.swift */ = {isa = PBXFileReference; fileEncoding = 4; lastKnownFileType = sourcecode.swift; path = LoginWebService.swift; sourceTree = "<group>"; };
		00252B441F7D447C00BC8560 /* HRMSViewVC.swift */ = {isa = PBXFileReference; fileEncoding = 4; lastKnownFileType = sourcecode.swift; path = HRMSViewVC.swift; sourceTree = "<group>"; };
		00252B461F7D7D0900BC8560 /* Rymnet HRMS.entitlements */ = {isa = PBXFileReference; lastKnownFileType = text.plist.entitlements; path = "Rymnet HRMS.entitlements"; sourceTree = "<group>"; };
		002826C51F7300440054C87E /* LoginVC.swift */ = {isa = PBXFileReference; fileEncoding = 4; lastKnownFileType = sourcecode.swift; path = LoginVC.swift; sourceTree = "<group>"; };
		002826C71F7300850054C87E /* BaseVC.swift */ = {isa = PBXFileReference; fileEncoding = 4; lastKnownFileType = sourcecode.swift; path = BaseVC.swift; sourceTree = "<group>"; };
		002826C91F7300EE0054C87E /* UpperCornersRoundedImageView.swift */ = {isa = PBXFileReference; fileEncoding = 4; lastKnownFileType = sourcecode.swift; path = UpperCornersRoundedImageView.swift; sourceTree = "<group>"; };
		007DC5101F89380F003BF5A5 /* GoogleService-Info.plist */ = {isa = PBXFileReference; fileEncoding = 4; lastKnownFileType = text.plist.xml; path = "GoogleService-Info.plist"; sourceTree = "<group>"; };
		0093C1F71F72C572000054F4 /* Rymnet HRMS.app */ = {isa = PBXFileReference; explicitFileType = wrapper.application; includeInIndex = 0; path = "Rymnet HRMS.app"; sourceTree = BUILT_PRODUCTS_DIR; };
		0093C1FA1F72C572000054F4 /* AppDelegate.swift */ = {isa = PBXFileReference; lastKnownFileType = sourcecode.swift; path = AppDelegate.swift; sourceTree = "<group>"; };
		0093C1FF1F72C572000054F4 /* Base */ = {isa = PBXFileReference; lastKnownFileType = file.storyboard; name = Base; path = Base.lproj/Main.storyboard; sourceTree = "<group>"; };
		0093C2011F72C572000054F4 /* Assets.xcassets */ = {isa = PBXFileReference; lastKnownFileType = folder.assetcatalog; path = Assets.xcassets; sourceTree = "<group>"; };
		0093C2041F72C572000054F4 /* Base */ = {isa = PBXFileReference; lastKnownFileType = file.storyboard; name = Base; path = Base.lproj/LaunchScreen.storyboard; sourceTree = "<group>"; };
		0093C2061F72C572000054F4 /* Info.plist */ = {isa = PBXFileReference; lastKnownFileType = text.plist.xml; path = Info.plist; sourceTree = "<group>"; };
		00946F501F79822A00401089 /* GlobalUserDefaults.swift */ = {isa = PBXFileReference; fileEncoding = 4; lastKnownFileType = sourcecode.swift; path = GlobalUserDefaults.swift; sourceTree = "<group>"; };
		00E6F7AC1F77834C0007E7EE /* WebServiceBaseClass.swift */ = {isa = PBXFileReference; fileEncoding = 4; lastKnownFileType = sourcecode.swift; path = WebServiceBaseClass.swift; sourceTree = "<group>"; };
		00E6F7B31F778C2C0007E7EE /* ModelLogin.swift */ = {isa = PBXFileReference; fileEncoding = 4; lastKnownFileType = sourcecode.swift; path = ModelLogin.swift; sourceTree = "<group>"; };
		637845CD550DD46A1E93FA67 /* Pods-Rymnet HRMS.debug.xcconfig */ = {isa = PBXFileReference; includeInIndex = 1; lastKnownFileType = text.xcconfig; name = "Pods-Rymnet HRMS.debug.xcconfig"; path = "Pods/Target Support Files/Pods-Rymnet HRMS/Pods-Rymnet HRMS.debug.xcconfig"; sourceTree = "<group>"; };
		6B13FE504F543E2F81FEA767 /* Pods_Rymnet_HRMS.framework */ = {isa = PBXFileReference; explicitFileType = wrapper.framework; includeInIndex = 0; path = Pods_Rymnet_HRMS.framework; sourceTree = BUILT_PRODUCTS_DIR; };
		C883D80B646417012D609B48 /* Pods-Rymnet HRMS.release.xcconfig */ = {isa = PBXFileReference; includeInIndex = 1; lastKnownFileType = text.xcconfig; name = "Pods-Rymnet HRMS.release.xcconfig"; path = "Pods/Target Support Files/Pods-Rymnet HRMS/Pods-Rymnet HRMS.release.xcconfig"; sourceTree = "<group>"; };
/* End PBXFileReference section */

/* Begin PBXFrameworksBuildPhase section */
		0093C1F41F72C572000054F4 /* Frameworks */ = {
			isa = PBXFrameworksBuildPhase;
			buildActionMask = 2147483647;
			files = (
				26AAE6E4120F0961F86811A6 /* Pods_Rymnet_HRMS.framework in Frameworks */,
			);
			runOnlyForDeploymentPostprocessing = 0;
		};
/* End PBXFrameworksBuildPhase section */

/* Begin PBXGroup section */
		000C18251F76FD7600D92333 /* Custom class */ = {
			isa = PBXGroup;
			children = (
				000C18261F76FD8200D92333 /* CustomActivityIndicatorView.swift */,
				00946F4F1F79822A00401089 /* Global UserDefault */,
			);
			path = "Custom class";
			sourceTree = "<group>";
		};
		000C18281F7704CD00D92333 /* WebService */ = {
			isa = PBXGroup;
			children = (
				00E6F7AB1F7783300007E7EE /* WebService BaseClass */,
				00E6F7AE1F7783740007E7EE /* Login */,
			);
			path = WebService;
			sourceTree = "<group>";
		};
		00252B431F7D43E300BC8560 /* HRMS View */ = {
			isa = PBXGroup;
			children = (
				00252B441F7D447C00BC8560 /* HRMSViewVC.swift */,
			);
			name = "HRMS View";
			path = "../WebService/HRMS View";
			sourceTree = "<group>";
		};
		002826BF1F72FFE00054C87E /* ViewControllers */ = {
			isa = PBXGroup;
			children = (
				002826C31F73003A0054C87E /* BaseVC */,
				002826C41F7300440054C87E /* LoginVC */,
				00252B431F7D43E300BC8560 /* HRMS View */,
			);
			path = ViewControllers;
			sourceTree = "<group>";
		};
		002826C21F72FFFF0054C87E /* IB Designables */ = {
			isa = PBXGroup;
			children = (
				002826C91F7300EE0054C87E /* UpperCornersRoundedImageView.swift */,
				000C181D1F76C4FD00D92333 /* BottomCornersRoundedImageView.swift */,
				000C181F1F76CA3D00D92333 /* ViewShadow.swift */,
				000C18211F76F1D600D92333 /* RoundedButton.swift */,
			);
			path = "IB Designables";
			sourceTree = "<group>";
		};
		002826C31F73003A0054C87E /* BaseVC */ = {
			isa = PBXGroup;
			children = (
				002826C71F7300850054C87E /* BaseVC.swift */,
			);
			path = BaseVC;
			sourceTree = "<group>";
		};
		002826C41F7300440054C87E /* LoginVC */ = {
			isa = PBXGroup;
			children = (
				002826C51F7300440054C87E /* LoginVC.swift */,
			);
			path = LoginVC;
			sourceTree = "<group>";
		};
		007DC50F1F89380F003BF5A5 /* Google-info plist */ = {
			isa = PBXGroup;
			children = (
				007DC5101F89380F003BF5A5 /* GoogleService-Info.plist */,
			);
			path = "Google-info plist";
			sourceTree = "<group>";
		};
		0093C1EE1F72C572000054F4 = {
			isa = PBXGroup;
			children = (
				0093C1F91F72C572000054F4 /* Rymnet HRMS */,
				0093C1F81F72C572000054F4 /* Products */,
				A24FE57A77A4FC6A37D3E9BC /* Pods */,
				E9147D73D2DC1FDFACD805AA /* Frameworks */,
			);
			sourceTree = "<group>";
		};
		0093C1F81F72C572000054F4 /* Products */ = {
			isa = PBXGroup;
			children = (
				0093C1F71F72C572000054F4 /* Rymnet HRMS.app */,
			);
			name = Products;
			sourceTree = "<group>";
		};
		0093C1F91F72C572000054F4 /* Rymnet HRMS */ = {
			isa = PBXGroup;
			children = (
				00252B461F7D7D0900BC8560 /* Rymnet HRMS.entitlements */,
				007DC50F1F89380F003BF5A5 /* Google-info plist */,
				0093C1FA1F72C572000054F4 /* AppDelegate.swift */,
				000C18251F76FD7600D92333 /* Custom class */,
				002826C21F72FFFF0054C87E /* IB Designables */,
				00E6F7B11F7789E10007E7EE /* Model */,
				000C18281F7704CD00D92333 /* WebService */,
				002826BF1F72FFE00054C87E /* ViewControllers */,
				0093C1FE1F72C572000054F4 /* Main.storyboard */,
				0093C2011F72C572000054F4 /* Assets.xcassets */,
				0093C2031F72C572000054F4 /* LaunchScreen.storyboard */,
				0093C2061F72C572000054F4 /* Info.plist */,
			);
			path = "Rymnet HRMS";
			sourceTree = "<group>";
		};
		00946F4F1F79822A00401089 /* Global UserDefault */ = {
			isa = PBXGroup;
			children = (
				00946F501F79822A00401089 /* GlobalUserDefaults.swift */,
			);
			path = "Global UserDefault";
			sourceTree = "<group>";
		};
		00E6F7AB1F7783300007E7EE /* WebService BaseClass */ = {
			isa = PBXGroup;
			children = (
				00E6F7AC1F77834C0007E7EE /* WebServiceBaseClass.swift */,
			);
			path = "WebService BaseClass";
			sourceTree = "<group>";
		};
		00E6F7AE1F7783740007E7EE /* Login */ = {
			isa = PBXGroup;
			children = (
				001661E21F79961B00030BC8 /* LoginWebService.swift */,
			);
			path = Login;
			sourceTree = "<group>";
		};
		00E6F7B11F7789E10007E7EE /* Model */ = {
			isa = PBXGroup;
			children = (
				00E6F7B21F7789FB0007E7EE /* Login Model */,
			);
			path = Model;
			sourceTree = "<group>";
		};
		00E6F7B21F7789FB0007E7EE /* Login Model */ = {
			isa = PBXGroup;
			children = (
				00E6F7B31F778C2C0007E7EE /* ModelLogin.swift */,
			);
			path = "Login Model";
			sourceTree = "<group>";
		};
		A24FE57A77A4FC6A37D3E9BC /* Pods */ = {
			isa = PBXGroup;
			children = (
				637845CD550DD46A1E93FA67 /* Pods-Rymnet HRMS.debug.xcconfig */,
				C883D80B646417012D609B48 /* Pods-Rymnet HRMS.release.xcconfig */,
			);
			name = Pods;
			sourceTree = "<group>";
		};
		E9147D73D2DC1FDFACD805AA /* Frameworks */ = {
			isa = PBXGroup;
			children = (
				6B13FE504F543E2F81FEA767 /* Pods_Rymnet_HRMS.framework */,
			);
			name = Frameworks;
			sourceTree = "<group>";
		};
/* End PBXGroup section */

/* Begin PBXNativeTarget section */
		0093C1F61F72C572000054F4 /* Rymnet HRMS */ = {
			isa = PBXNativeTarget;
			buildConfigurationList = 0093C2091F72C572000054F4 /* Build configuration list for PBXNativeTarget "Rymnet HRMS" */;
			buildPhases = (
				0329D153A6F49EE040356222 /* [CP] Check Pods Manifest.lock */,
				0093C1F31F72C572000054F4 /* Sources */,
				0093C1F41F72C572000054F4 /* Frameworks */,
				0093C1F51F72C572000054F4 /* Resources */,
				6D998A45B6CE3A8D10B1E067 /* [CP] Embed Pods Frameworks */,
				7E24BE7C7C31407456CDB41F /* [CP] Copy Pods Resources */,
			);
			buildRules = (
			);
			dependencies = (
			);
			name = "Rymnet HRMS";
			productName = "Rymnet HRMS";
			productReference = 0093C1F71F72C572000054F4 /* Rymnet HRMS.app */;
			productType = "com.apple.product-type.application";
		};
/* End PBXNativeTarget section */

/* Begin PBXProject section */
		0093C1EF1F72C572000054F4 /* Project object */ = {
			isa = PBXProject;
			attributes = {
				LastSwiftUpdateCheck = 0830;
				LastUpgradeCheck = 0830;
				ORGANIZATIONNAME = com.aviru;
				TargetAttributes = {
					0093C1F61F72C572000054F4 = {
						CreatedOnToolsVersion = 8.3.3;
						DevelopmentTeam = 5JR4F25XUY;
						ProvisioningStyle = Manual;
						SystemCapabilities = {
							com.apple.BackgroundModes = {
								enabled = 1;
							};
							com.apple.Push = {
								enabled = 1;
							};
						};
					};
				};
			};
			buildConfigurationList = 0093C1F21F72C572000054F4 /* Build configuration list for PBXProject "Rymnet HRMS" */;
			compatibilityVersion = "Xcode 3.2";
			developmentRegion = English;
			hasScannedForEncodings = 0;
			knownRegions = (
				en,
				Base,
			);
			mainGroup = 0093C1EE1F72C572000054F4;
			productRefGroup = 0093C1F81F72C572000054F4 /* Products */;
			projectDirPath = "";
			projectRoot = "";
			targets = (
				0093C1F61F72C572000054F4 /* Rymnet HRMS */,
			);
		};
/* End PBXProject section */

/* Begin PBXResourcesBuildPhase section */
		0093C1F51F72C572000054F4 /* Resources */ = {
			isa = PBXResourcesBuildPhase;
			buildActionMask = 2147483647;
			files = (
				0093C2051F72C572000054F4 /* LaunchScreen.storyboard in Resources */,
				007DC5111F89380F003BF5A5 /* GoogleService-Info.plist in Resources */,
				0093C2021F72C572000054F4 /* Assets.xcassets in Resources */,
				0093C2001F72C572000054F4 /* Main.storyboard in Resources */,
			);
			runOnlyForDeploymentPostprocessing = 0;
		};
/* End PBXResourcesBuildPhase section */

/* Begin PBXShellScriptBuildPhase section */
		0329D153A6F49EE040356222 /* [CP] Check Pods Manifest.lock */ = {
			isa = PBXShellScriptBuildPhase;
			buildActionMask = 2147483647;
			files = (
			);
			inputPaths = (
			);
			name = "[CP] Check Pods Manifest.lock";
			outputPaths = (
			);
			runOnlyForDeploymentPostprocessing = 0;
			shellPath = /bin/sh;
			shellScript = "diff \"${PODS_ROOT}/../Podfile.lock\" \"${PODS_ROOT}/Manifest.lock\" > /dev/null\nif [ $? != 0 ] ; then\n    # print error to STDERR\n    echo \"error: The sandbox is not in sync with the Podfile.lock. Run 'pod install' or update your CocoaPods installation.\" >&2\n    exit 1\nfi\n";
			showEnvVarsInLog = 0;
		};
		6D998A45B6CE3A8D10B1E067 /* [CP] Embed Pods Frameworks */ = {
			isa = PBXShellScriptBuildPhase;
			buildActionMask = 2147483647;
			files = (
			);
			inputPaths = (
			);
			name = "[CP] Embed Pods Frameworks";
			outputPaths = (
			);
			runOnlyForDeploymentPostprocessing = 0;
			shellPath = /bin/sh;
			shellScript = "\"${SRCROOT}/Pods/Target Support Files/Pods-Rymnet HRMS/Pods-Rymnet HRMS-frameworks.sh\"\n";
			showEnvVarsInLog = 0;
		};
		7E24BE7C7C31407456CDB41F /* [CP] Copy Pods Resources */ = {
			isa = PBXShellScriptBuildPhase;
			buildActionMask = 2147483647;
			files = (
			);
			inputPaths = (
			);
			name = "[CP] Copy Pods Resources";
			outputPaths = (
			);
			runOnlyForDeploymentPostprocessing = 0;
			shellPath = /bin/sh;
			shellScript = "\"${SRCROOT}/Pods/Target Support Files/Pods-Rymnet HRMS/Pods-Rymnet HRMS-resources.sh\"\n";
			showEnvVarsInLog = 0;
		};
/* End PBXShellScriptBuildPhase section */

/* Begin PBXSourcesBuildPhase section */
		0093C1F31F72C572000054F4 /* Sources */ = {
			isa = PBXSourcesBuildPhase;
			buildActionMask = 2147483647;
			files = (
				00252B451F7D447C00BC8560 /* HRMSViewVC.swift in Sources */,
				000C181E1F76C4FD00D92333 /* BottomCornersRoundedImageView.swift in Sources */,
				002826CA1F7300EE0054C87E /* UpperCornersRoundedImageView.swift in Sources */,
				000C18201F76CA3D00D92333 /* ViewShadow.swift in Sources */,
				00E6F7AD1F77834C0007E7EE /* WebServiceBaseClass.swift in Sources */,
				001661E31F79961B00030BC8 /* LoginWebService.swift in Sources */,
				002826C61F7300440054C87E /* LoginVC.swift in Sources */,
				00E6F7B41F778C2C0007E7EE /* ModelLogin.swift in Sources */,
				000C18271F76FD8200D92333 /* CustomActivityIndicatorView.swift in Sources */,
				000C18221F76F1D600D92333 /* RoundedButton.swift in Sources */,
				002826C81F7300850054C87E /* BaseVC.swift in Sources */,
				0093C1FB1F72C572000054F4 /* AppDelegate.swift in Sources */,
				00946F511F79822A00401089 /* GlobalUserDefaults.swift in Sources */,
			);
			runOnlyForDeploymentPostprocessing = 0;
		};
/* End PBXSourcesBuildPhase section */

/* Begin PBXVariantGroup section */
		0093C1FE1F72C572000054F4 /* Main.storyboard */ = {
			isa = PBXVariantGroup;
			children = (
				0093C1FF1F72C572000054F4 /* Base */,
			);
			name = Main.storyboard;
			sourceTree = "<group>";
		};
		0093C2031F72C572000054F4 /* LaunchScreen.storyboard */ = {
			isa = PBXVariantGroup;
			children = (
				0093C2041F72C572000054F4 /* Base */,
			);
			name = LaunchScreen.storyboard;
			sourceTree = "<group>";
		};
/* End PBXVariantGroup section */

/* Begin XCBuildConfiguration section */
		0093C2071F72C572000054F4 /* Debug */ = {
			isa = XCBuildConfiguration;
			buildSettings = {
				ALWAYS_SEARCH_USER_PATHS = NO;
				CLANG_ANALYZER_NONNULL = YES;
				CLANG_ANALYZER_NUMBER_OBJECT_CONVERSION = YES_AGGRESSIVE;
				CLANG_CXX_LANGUAGE_STANDARD = "gnu++0x";
				CLANG_CXX_LIBRARY = "libc++";
				CLANG_ENABLE_MODULES = YES;
				CLANG_ENABLE_OBJC_ARC = YES;
				CLANG_WARN_BOOL_CONVERSION = YES;
				CLANG_WARN_CONSTANT_CONVERSION = YES;
				CLANG_WARN_DIRECT_OBJC_ISA_USAGE = YES_ERROR;
				CLANG_WARN_DOCUMENTATION_COMMENTS = YES;
				CLANG_WARN_EMPTY_BODY = YES;
				CLANG_WARN_ENUM_CONVERSION = YES;
				CLANG_WARN_INFINITE_RECURSION = YES;
				CLANG_WARN_INT_CONVERSION = YES;
				CLANG_WARN_OBJC_ROOT_CLASS = YES_ERROR;
				CLANG_WARN_SUSPICIOUS_MOVE = YES;
				CLANG_WARN_UNREACHABLE_CODE = YES;
				CLANG_WARN__DUPLICATE_METHOD_MATCH = YES;
				CODE_SIGN_IDENTITY = "iPhone Developer: Choo U Tan (HK7P8G6PM4)";
				"CODE_SIGN_IDENTITY[sdk=iphoneos*]" = "iPhone Developer: Choo U Tan (HK7P8G6PM4)";
				COPY_PHASE_STRIP = NO;
				DEBUG_INFORMATION_FORMAT = dwarf;
				DEVELOPMENT_TEAM = 5JR4F25XUY;
				ENABLE_STRICT_OBJC_MSGSEND = YES;
				ENABLE_TESTABILITY = YES;
				GCC_C_LANGUAGE_STANDARD = gnu99;
				GCC_DYNAMIC_NO_PIC = NO;
				GCC_NO_COMMON_BLOCKS = YES;
				GCC_OPTIMIZATION_LEVEL = 0;
				GCC_PREPROCESSOR_DEFINITIONS = (
					"DEBUG=1",
					"$(inherited)",
				);
				GCC_WARN_64_TO_32_BIT_CONVERSION = YES;
				GCC_WARN_ABOUT_RETURN_TYPE = YES_ERROR;
				GCC_WARN_UNDECLARED_SELECTOR = YES;
				GCC_WARN_UNINITIALIZED_AUTOS = YES_AGGRESSIVE;
				GCC_WARN_UNUSED_FUNCTION = YES;
				GCC_WARN_UNUSED_VARIABLE = YES;
				IPHONEOS_DEPLOYMENT_TARGET = 10.3;
				MTL_ENABLE_DEBUG_INFO = YES;
				ONLY_ACTIVE_ARCH = YES;
				PROVISIONING_PROFILE = "507d9170-e288-4b6e-8280-e0fdf281bcbd";
				SDKROOT = iphoneos;
				SWIFT_ACTIVE_COMPILATION_CONDITIONS = DEBUG;
				SWIFT_OPTIMIZATION_LEVEL = "-Onone";
			};
			name = Debug;
		};
		0093C2081F72C572000054F4 /* Release */ = {
			isa = XCBuildConfiguration;
			buildSettings = {
				ALWAYS_SEARCH_USER_PATHS = NO;
				CLANG_ANALYZER_NONNULL = YES;
				CLANG_ANALYZER_NUMBER_OBJECT_CONVERSION = YES_AGGRESSIVE;
				CLANG_CXX_LANGUAGE_STANDARD = "gnu++0x";
				CLANG_CXX_LIBRARY = "libc++";
				CLANG_ENABLE_MODULES = YES;
				CLANG_ENABLE_OBJC_ARC = YES;
				CLANG_WARN_BOOL_CONVERSION = YES;
				CLANG_WARN_CONSTANT_CONVERSION = YES;
				CLANG_WARN_DIRECT_OBJC_ISA_USAGE = YES_ERROR;
				CLANG_WARN_DOCUMENTATION_COMMENTS = YES;
				CLANG_WARN_EMPTY_BODY = YES;
				CLANG_WARN_ENUM_CONVERSION = YES;
				CLANG_WARN_INFINITE_RECURSION = YES;
				CLANG_WARN_INT_CONVERSION = YES;
				CLANG_WARN_OBJC_ROOT_CLASS = YES_ERROR;
				CLANG_WARN_SUSPICIOUS_MOVE = YES;
				CLANG_WARN_UNREACHABLE_CODE = YES;
				CLANG_WARN__DUPLICATE_METHOD_MATCH = YES;
				CODE_SIGN_IDENTITY = "iPhone Developer: Choo U Tan (HK7P8G6PM4)";
				"CODE_SIGN_IDENTITY[sdk=iphoneos*]" = "iPhone Developer: Choo U Tan (HK7P8G6PM4)";
				COPY_PHASE_STRIP = NO;
				DEBUG_INFORMATION_FORMAT = "dwarf-with-dsym";
				DEVELOPMENT_TEAM = 5JR4F25XUY;
				ENABLE_NS_ASSERTIONS = NO;
				ENABLE_STRICT_OBJC_MSGSEND = YES;
				GCC_C_LANGUAGE_STANDARD = gnu99;
				GCC_NO_COMMON_BLOCKS = YES;
				GCC_WARN_64_TO_32_BIT_CONVERSION = YES;
				GCC_WARN_ABOUT_RETURN_TYPE = YES_ERROR;
				GCC_WARN_UNDECLARED_SELECTOR = YES;
				GCC_WARN_UNINITIALIZED_AUTOS = YES_AGGRESSIVE;
				GCC_WARN_UNUSED_FUNCTION = YES;
				GCC_WARN_UNUSED_VARIABLE = YES;
				IPHONEOS_DEPLOYMENT_TARGET = 10.3;
				MTL_ENABLE_DEBUG_INFO = NO;
				PROVISIONING_PROFILE = "507d9170-e288-4b6e-8280-e0fdf281bcbd";
				SDKROOT = iphoneos;
				SWIFT_OPTIMIZATION_LEVEL = "-Owholemodule";
				VALIDATE_PRODUCT = YES;
			};
			name = Release;
		};
		0093C20A1F72C572000054F4 /* Debug */ = {
			isa = XCBuildConfiguration;
			baseConfigurationReference = 637845CD550DD46A1E93FA67 /* Pods-Rymnet HRMS.debug.xcconfig */;
			buildSettings = {
				ASSETCATALOG_COMPILER_APPICON_NAME = AppIcon;
				CODE_SIGN_ENTITLEMENTS = "Rymnet HRMS/Rymnet HRMS.entitlements";
				CODE_SIGN_IDENTITY = "iPhone Developer: Choo U Tan (HK7P8G6PM4)";
				DEVELOPMENT_TEAM = 5JR4F25XUY;
				INFOPLIST_FILE = "Rymnet HRMS/Info.plist";
				IPHONEOS_DEPLOYMENT_TARGET = 9.0;
				LD_RUNPATH_SEARCH_PATHS = "$(inherited) @executable_path/Frameworks";
				PRODUCT_BUNDLE_IDENTIFIER = com.RymnetSolutions.RymnetHRMS;
				PRODUCT_NAME = "$(TARGET_NAME)";
				PROVISIONING_PROFILE = "507d9170-e288-4b6e-8280-e0fdf281bcbd";
				PROVISIONING_PROFILE_SPECIFIER = RymnetHRMS_Dev_Prov;
				SWIFT_VERSION = 3.0;
			};
			name = Debug;
		};
		0093C20B1F72C572000054F4 /* Release */ = {
			isa = XCBuildConfiguration;
			baseConfigurationReference = C883D80B646417012D609B48 /* Pods-Rymnet HRMS.release.xcconfig */;
			buildSettings = {
				ASSETCATALOG_COMPILER_APPICON_NAME = AppIcon;
				CODE_SIGN_ENTITLEMENTS = "Rymnet HRMS/Rymnet HRMS.entitlements";
				CODE_SIGN_IDENTITY = "iPhone Developer: Choo U Tan (HK7P8G6PM4)";
				DEVELOPMENT_TEAM = 5JR4F25XUY;
				INFOPLIST_FILE = "Rymnet HRMS/Info.plist";
				IPHONEOS_DEPLOYMENT_TARGET = 9.0;
				LD_RUNPATH_SEARCH_PATHS = "$(inherited) @executable_path/Frameworks";
				PRODUCT_BUNDLE_IDENTIFIER = com.RymnetSolutions.RymnetHRMS;
				PRODUCT_NAME = "$(TARGET_NAME)";
				PROVISIONING_PROFILE = "507d9170-e288-4b6e-8280-e0fdf281bcbd";
				PROVISIONING_PROFILE_SPECIFIER = RymnetHRMS_Dev_Prov;
				SWIFT_VERSION = 3.0;
			};
			name = Release;
		};
/* End XCBuildConfiguration section */

/* Begin XCConfigurationList section */
		0093C1F21F72C572000054F4 /* Build configuration list for PBXProject "Rymnet HRMS" */ = {
			isa = XCConfigurationList;
			buildConfigurations = (
				0093C2071F72C572000054F4 /* Debug */,
				0093C2081F72C572000054F4 /* Release */,
			);
			defaultConfigurationIsVisible = 0;
			defaultConfigurationName = Release;
		};
		0093C2091F72C572000054F4 /* Build configuration list for PBXNativeTarget "Rymnet HRMS" */ = {
			isa = XCConfigurationList;
			buildConfigurations = (
				0093C20A1F72C572000054F4 /* Debug */,
				0093C20B1F72C572000054F4 /* Release */,
			);
			defaultConfigurationIsVisible = 0;
			defaultConfigurationName = Release;
		};
/* End XCConfigurationList section */
	};
	rootObject = 0093C1EF1F72C572000054F4 /* Project object */;
}
